
Microsoft Visual Studio Solution File, Format Version 12.00
# Visual Studio Version 16
VisualStudioVersion = 16.0.30114.105
MinimumVisualStudioVersion = 10.0.40219.1
Project("{8BC9CEB8-8B4A-11D0-8D11-00A0C91BC942}") = "NextPermutation", "NextPermutation\NextPermutation.vcxproj", "{92BA1ECD-E954-4125-B307-7FB17725A522}"
EndProject
Project("{8BC9CEB8-8B4A-11D0-8D11-00A0C91BC942}") = "NextPermutationTest", "NextPermutationTest\NextPermutationTest.vcxproj", "{7E131F10-2A45-4622-BC1D-6333F2726459}"
EndProject
Project("{8BC9CEB8-8B4A-11D0-8D11-00A0C91BC942}") = "NextPermutationFunction", "NextPermutationFunction\NextPermutationFunction.vcxitems", "{625B22BE-0AD0-457C-8D7E-202DF5C25DCA}"
EndProject
Global
	GlobalSection(SharedMSBuildProjectFiles) = preSolution
		NextPermutationFunction\NextPermutationFunction.vcxitems*{625b22be-0ad0-457c-8d7e-202df5c25dca}*SharedItemsImports = 9
		NextPermutationFunction\NextPermutationFunction.vcxitems*{7e131f10-2a45-4622-bc1d-6333f2726459}*SharedItemsImports = 4
		NextPermutationFunction\NextPermutationFunction.vcxitems*{92ba1ecd-e954-4125-b307-7fb17725a522}*SharedItemsImports = 4
	EndGlobalSection
	GlobalSection(SolutionConfigurationPlatforms) = preSolution
		Debug|x64 = Debug|x64
		Debug|x86 = Debug|x86
		Release|x64 = Release|x64
		Release|x86 = Release|x86
	EndGlobalSection
	GlobalSection(ProjectConfigurationPlatforms) = postSolution
		{92BA1ECD-E954-4125-B307-7FB17725A522}.Debug|x64.ActiveCfg = Debug|x64
		{92BA1ECD-E954-4125-B307-7FB17725A522}.Debug|x64.Build.0 = Debug|x64
		{92BA1ECD-E954-4125-B307-7FB17725A522}.Debug|x86.ActiveCfg = Debug|Win32
		{92BA1ECD-E954-4125-B307-7FB17725A522}.Debug|x86.Build.0 = Debug|Win32
		{92BA1ECD-E954-4125-B307-7FB17725A522}.Release|x64.ActiveCfg = Release|x64
		{92BA1ECD-E954-4125-B307-7FB17725A522}.Release|x64.Build.0 = Release|x64
		{92BA1ECD-E954-4125-B307-7FB17725A522}.Release|x86.ActiveCfg = Release|Win32
		{92BA1ECD-E954-4125-B307-7FB17725A522}.Release|x86.Build.0 = Release|Win32
		{7E131F10-2A45-4622-BC1D-6333F2726459}.Debug|x64.ActiveCfg = Debug|x64
		{7E131F10-2A45-4622-BC1D-6333F2726459}.Debug|x64.Build.0 = Debug|x64
		{7E131F10-2A45-4622-BC1D-6333F2726459}.Debug|x86.ActiveCfg = Debug|Win32
		{7E131F10-2A45-4622-BC1D-6333F2726459}.Debug|x86.Build.0 = Debug|Win32
		{7E131F10-2A45-4622-BC1D-6333F2726459}.Release|x64.ActiveCfg = Release|x64
		{7E131F10-2A45-4622-BC1D-6333F2726459}.Release|x64.Build.0 = Release|x64
		{7E131F10-2A45-4622-BC1D-6333F2726459}.Release|x86.ActiveCfg = Release|Win32
		{7E131F10-2A45-4622-BC1D-6333F2726459}.Release|x86.Build.0 = Release|Win32
	EndGlobalSection
	GlobalSection(SolutionProperties) = preSolution
		HideSolutionNode = FALSE
	EndGlobalSection
	GlobalSection(ExtensibilityGlobals) = postSolution
		SolutionGuid = {E9D7C55A-E7B5-4954-85D0-E2AFA676B95D}
	EndGlobalSection
EndGlobal
